
Microsoft Visual Studio Solution File, Format Version 12.00
# Visual Studio 15
VisualStudioVersion = 15.0.28010.2046
MinimumVisualStudioVersion = 10.0.40219.1
Project("{FAE04EC0-301F-11D3-BF4B-00C04F79EFBC}") = "SalesWebMVC", "SalesWebMVC\SalesWebMVC.csproj", "{7E947DCA-DBA6-4B6F-B58C-8EC744558D97}"
EndProject
Global
	GlobalSection(SolutionConfigurationPlatforms) = preSolution
		Debug|Any CPU = Debug|Any CPU
		Release|Any CPU = Release|Any CPU
	EndGlobalSection
	GlobalSection(ProjectConfigurationPlatforms) = postSolution
		{7E947DCA-DBA6-4B6F-B58C-8EC744558D97}.Debug|Any CPU.ActiveCfg = Debug|Any CPU
		{7E947DCA-DBA6-4B6F-B58C-8EC744558D97}.Debug|Any CPU.Build.0 = Debug|Any CPU
		{7E947DCA-DBA6-4B6F-B58C-8EC744558D97}.Release|Any CPU.ActiveCfg = Release|Any CPU
		{7E947DCA-DBA6-4B6F-B58C-8EC744558D97}.Release|Any CPU.Build.0 = Release|Any CPU
	EndGlobalSection
	GlobalSection(SolutionProperties) = preSolution
		HideSolutionNode = FALSE
	EndGlobalSection
	GlobalSection(ExtensibilityGlobals) = postSolution
		SolutionGuid = {AB4BAE32-9085-47E6-9FB3-4E7B46F53784}
	EndGlobalSection
EndGlobal
